%{
  "base64": {:hex, :base64, "0.1.0-rc", "5ff4b959e54d356f5219e5e93c4bff46add0d39804c02db3fb02141de2288a8e", [:mix], [{:rustler, "~> 0.22-rc", [hex: :rustler, repo: "hexpm", optional: false]}], "hexpm", "8541a0a553c95e2538befe99ba447ecde0fa71e2fa94253cf0785776de51d8eb"},
  "base64url": {:hex, :base64url, "1.0.1", "f8c7f2da04ca9a5d0f5f50258f055e1d699f0e8bf4cfdb30b750865368403cf6", [:rebar3], [], "hexpm", "f9b3add4731a02a9b0410398b475b33e7566a695365237a6bdee1bb447719f5c"},
  "blake3": {:hex, :blake3, "0.4.1", "2d1df6e461853992e6d4656d614fc05ccadcf1dd033d200d153a75cd2e39727c", [:mix], [{:rustler, "~> 0.21.1", [hex: :rustler, repo: "hexpm", optional: false]}], "hexpm", "df0624b4a9397fe0d1ac077bf9579dd506646c4229260a51bd34e00da30755cc"},
  "castore": {:hex, :castore, "0.1.9", "eb08a94c12ebff92a92d844c6ccd90728dc7662aab9bdc8b3b785ba653c499d5", [:mix], [], "hexpm", "99c3a38ad9c0bab03fee1418c98390da1a31f3b85e317db5840d51a1443d26c8"},
  "earmark_parser": {:hex, :earmark_parser, "1.4.12", "b245e875ec0a311a342320da0551da407d9d2b65d98f7a9597ae078615af3449", [:mix], [], "hexpm", "711e2cc4d64abb7d566d43f54b78f7dc129308a63bc103fbd88550d2174b3160"},
  "enacl": {:hex, :enacl, "1.1.1", "f65dc64d9bff2d8a534cb77aef14da5e7a2fa148987d87856f79a4745c9c2627", [:rebar3], [], "hexpm", "60d329ac3976008f774e21aba254671104976d61a792287615bb26816f09ea0f"},
  "ex_doc": {:hex, :ex_doc, "0.23.0", "a069bc9b0bf8efe323ecde8c0d62afc13d308b1fa3d228b65bca5cf8703a529d", [:mix], [{:earmark_parser, "~> 1.4.0", [hex: :earmark_parser, repo: "hexpm", optional: false]}, {:makeup_elixir, "~> 0.14", [hex: :makeup_elixir, repo: "hexpm", optional: false]}], "hexpm", "f5e2c4702468b2fd11b10d39416ddadd2fcdd173ba2a0285ebd92c39827a5a16"},
  "fast64": {:hex, :fast64, "0.1.3", "e9e609f201f2fe62cd1fe77f7c79d8c4510832ce3629de1976797c8705d8a830", [:make, :mix], [], "hexpm", "b5b9dc1748678ff45e71f289053679a46867e50f139a617ea0f05dfb94416a56"},
  "makeup": {:hex, :makeup, "1.0.5", "d5a830bc42c9800ce07dd97fa94669dfb93d3bf5fcf6ea7a0c67b2e0e4a7f26c", [:mix], [{:nimble_parsec, "~> 0.5 or ~> 1.0", [hex: :nimble_parsec, repo: "hexpm", optional: false]}], "hexpm", "cfa158c02d3f5c0c665d0af11512fed3fba0144cf1aadee0f2ce17747fba2ca9"},
  "makeup_elixir": {:hex, :makeup_elixir, "0.15.1", "b5888c880d17d1cc3e598f05cdb5b5a91b7b17ac4eaf5f297cb697663a1094dd", [:mix], [{:makeup, "~> 1.0", [hex: :makeup, repo: "hexpm", optional: false]}, {:nimble_parsec, "~> 1.1", [hex: :nimble_parsec, repo: "hexpm", optional: false]}], "hexpm", "db68c173234b07ab2a07f645a5acdc117b9f99d69ebf521821d89690ae6c6ec8"},
  "nimble_parsec": {:hex, :nimble_parsec, "1.1.0", "3a6fca1550363552e54c216debb6a9e95bd8d32348938e13de5eda962c0d7f89", [:mix], [], "hexpm", "08eb32d66b706e913ff748f11694b17981c0b04a33ef470e33e11b3d3ac8f54b"},
  "redix": {:hex, :redix, "1.0.0", "4f310341744ffceab3031394450a4e603d4d1001a697c3f18ae57ae776cbd3fb", [:mix], [{:castore, "~> 0.1.0", [hex: :castore, repo: "hexpm", optional: true]}, {:telemetry, "~> 0.4.0", [hex: :telemetry, repo: "hexpm", optional: false]}], "hexpm", "8c8d9b33b5491737adcd5bb9e0f43b85212a384ac0042f64c156113518266ecb"},
  "rustler": {:hex, :rustler, "0.22.0-rc.0", "d8a3d72862874d6c5a5c6421617911e8a2822a310b6e6d3ceb16803c2651350f", [:mix], [{:toml, "~> 0.5.2", [hex: :toml, repo: "hexpm", optional: false]}], "hexpm", "0548ae8fd203bbd3c5ba689e60d827a1991e12cde599fb4c03d4cf56b00a3352"},
  "sorted_set_nif": {:hex, :sorted_set_nif, "1.0.0", "fd197f27a804ca0e0c3d7b37952585675d3661777e6f755d89f7ba14583defb7", [:mix], [{:rustler, "~> 0.18", [hex: :rustler, repo: "hexpm", optional: false]}], "hexpm", "d3cf91a10da7531614d25066ee8e7e3c07106c79750b80d5e52f30b28d773522"},
  "telemetry": {:hex, :telemetry, "0.4.2", "2808c992455e08d6177322f14d3bdb6b625fbcfd233a73505870d8738a2f4599", [:rebar3], [], "hexpm", "2d1419bd9dda6a206d7b5852179511722e2b18812310d304620c7bd92a13fcef"},
  "toml": {:hex, :toml, "0.5.2", "e471388a8726d1ce51a6b32f864b8228a1eb8edc907a0edf2bb50eab9321b526", [:mix], [], "hexpm", "f1e3dabef71fb510d015fad18c0e05e7c57281001141504c6b69d94e99750a07"},
}
